{
  "name": "fork-lian-breakout",
  "lockfileVersion": 3,
  "requires": true,
  "packages": {
    "": {
      "hasInstallScript": true,
      "devDependencies": {
        "@gamely/gly-cli": "^0.2.5"
      }
    },
    "node_modules/@gamely/gly-cli": {
      "version": "0.2.5",
      "resolved": "https://registry.npmjs.org/@gamely/gly-cli/-/gly-cli-0.2.5.tgz",
      "integrity": "sha512-6iv2ihfhEGlLi7kNvq6qgCe0OKLvXqsdI1Prrf8TMWXapPW1uMZcYXiousEvQp+58MQPZ3elZPcgAOyH21KP+g==",
      "dev": true,
      "license": "Apache-2.0",
      "bin": {
        "gly-cli": "bin/cli.js"
      },
      "funding": {
        "url": "https://github.com/sponsors/RodrigoDornelles"
      }
    }
  }
}
